
Microsoft Visual Studio Solution File, Format Version 12.00
# Visual Studio Version 17
VisualStudioVersion = 17.5.33530.505
MinimumVisualStudioVersion = 10.0.40219.1
Project("{FAE04EC0-301F-11D3-BF4B-00C04F79EFBC}") = "XmlDataExtract", "XmlDataExtract\XmlDataExtract.csproj", "{58EB6AD9-A0A9-4A06-A95B-165976E29CD6}"
EndProject
Global
	GlobalSection(SolutionConfigurationPlatforms) = preSolution
		Debug|Any CPU = Debug|Any CPU
		Release|Any CPU = Release|Any CPU
	EndGlobalSection
	GlobalSection(ProjectConfigurationPlatforms) = postSolution
		{58EB6AD9-A0A9-4A06-A95B-165976E29CD6}.Debug|Any CPU.ActiveCfg = Debug|Any CPU
		{58EB6AD9-A0A9-4A06-A95B-165976E29CD6}.Debug|Any CPU.Build.0 = Debug|Any CPU
		{58EB6AD9-A0A9-4A06-A95B-165976E29CD6}.Release|Any CPU.ActiveCfg = Release|Any CPU
		{58EB6AD9-A0A9-4A06-A95B-165976E29CD6}.Release|Any CPU.Build.0 = Release|Any CPU
	EndGlobalSection
	GlobalSection(SolutionProperties) = preSolution
		HideSolutionNode = FALSE
	EndGlobalSection
	GlobalSection(ExtensibilityGlobals) = postSolution
		SolutionGuid = {9E1831F3-4E33-4405-BCAC-20C307EA74BC}
	EndGlobalSection
EndGlobal
